
Microsoft Visual Studio Solution File, Format Version 12.00
# Visual Studio 15
VisualStudioVersion = 15.0.27004.2008
MinimumVisualStudioVersion = 10.0.40219.1
Project("{FAE04EC0-301F-11D3-BF4B-00C04F79EFBC}") = "lab 4_ver1", "lab 4_ver1\lab 4_ver1.csproj", "{AA02454F-0ACB-4691-87C7-08BAC487E120}"
EndProject
Project("{FAE04EC0-301F-11D3-BF4B-00C04F79EFBC}") = "Podaci", "Podaci\Podaci.csproj", "{796A554E-56DA-42CF-A513-71380448296F}"
EndProject
Project("{FAE04EC0-301F-11D3-BF4B-00C04F79EFBC}") = "CustomControl", "CustomControl\CustomControl.csproj", "{D59D8D58-1D4F-4D90-83AE-6C64BE1323D4}"
EndProject
Project("{FAE04EC0-301F-11D3-BF4B-00C04F79EFBC}") = "Extension", "Extension\Extension.csproj", "{E8D5FD94-0CA1-4D56-A68F-8163AE0B4F0B}"
EndProject
Global
	GlobalSection(SolutionConfigurationPlatforms) = preSolution
		Debug|Any CPU = Debug|Any CPU
		Release|Any CPU = Release|Any CPU
	EndGlobalSection
	GlobalSection(ProjectConfigurationPlatforms) = postSolution
		{AA02454F-0ACB-4691-87C7-08BAC487E120}.Debug|Any CPU.ActiveCfg = Debug|Any CPU
		{AA02454F-0ACB-4691-87C7-08BAC487E120}.Debug|Any CPU.Build.0 = Debug|Any CPU
		{AA02454F-0ACB-4691-87C7-08BAC487E120}.Release|Any CPU.ActiveCfg = Release|Any CPU
		{AA02454F-0ACB-4691-87C7-08BAC487E120}.Release|Any CPU.Build.0 = Release|Any CPU
		{796A554E-56DA-42CF-A513-71380448296F}.Debug|Any CPU.ActiveCfg = Debug|Any CPU
		{796A554E-56DA-42CF-A513-71380448296F}.Debug|Any CPU.Build.0 = Debug|Any CPU
		{796A554E-56DA-42CF-A513-71380448296F}.Release|Any CPU.ActiveCfg = Release|Any CPU
		{796A554E-56DA-42CF-A513-71380448296F}.Release|Any CPU.Build.0 = Release|Any CPU
		{D59D8D58-1D4F-4D90-83AE-6C64BE1323D4}.Debug|Any CPU.ActiveCfg = Debug|Any CPU
		{D59D8D58-1D4F-4D90-83AE-6C64BE1323D4}.Debug|Any CPU.Build.0 = Debug|Any CPU
		{D59D8D58-1D4F-4D90-83AE-6C64BE1323D4}.Release|Any CPU.ActiveCfg = Release|Any CPU
		{D59D8D58-1D4F-4D90-83AE-6C64BE1323D4}.Release|Any CPU.Build.0 = Release|Any CPU
		{E8D5FD94-0CA1-4D56-A68F-8163AE0B4F0B}.Debug|Any CPU.ActiveCfg = Debug|Any CPU
		{E8D5FD94-0CA1-4D56-A68F-8163AE0B4F0B}.Debug|Any CPU.Build.0 = Debug|Any CPU
		{E8D5FD94-0CA1-4D56-A68F-8163AE0B4F0B}.Release|Any CPU.ActiveCfg = Release|Any CPU
		{E8D5FD94-0CA1-4D56-A68F-8163AE0B4F0B}.Release|Any CPU.Build.0 = Release|Any CPU
	EndGlobalSection
	GlobalSection(SolutionProperties) = preSolution
		HideSolutionNode = FALSE
	EndGlobalSection
	GlobalSection(ExtensibilityGlobals) = postSolution
		SolutionGuid = {230A663F-0D0B-43DB-9FC5-A8B21D65082D}
	EndGlobalSection
EndGlobal
